// !$*UTF8*$!
{
	archiveVersion = 1;
	classes = {
	};
	objectVersion = 50;
	objects = {

/* Begin PBXBuildFile section */
		6862C2ED22BFAC5B00DFB0F5 /* AppDelegate.swift in Sources */ = {isa = PBXBuildFile; fileRef = 6862C2EC22BFAC5B00DFB0F5 /* AppDelegate.swift */; };
		6862C2F222BFAC5B00DFB0F5 /* Main.storyboard in Resources */ = {isa = PBXBuildFile; fileRef = 6862C2F022BFAC5B00DFB0F5 /* Main.storyboard */; };
		6862C2F522BFAC5B00DFB0F5 /* DASACR.xcdatamodeld in Sources */ = {isa = PBXBuildFile; fileRef = 6862C2F322BFAC5B00DFB0F5 /* DASACR.xcdatamodeld */; };
		6862C2F722BFAC5D00DFB0F5 /* Assets.xcassets in Resources */ = {isa = PBXBuildFile; fileRef = 6862C2F622BFAC5D00DFB0F5 /* Assets.xcassets */; };
		6862C2FA22BFAC5D00DFB0F5 /* LaunchScreen.storyboard in Resources */ = {isa = PBXBuildFile; fileRef = 6862C2F822BFAC5D00DFB0F5 /* LaunchScreen.storyboard */; };
		6862C30222BFAD8000DFB0F5 /* HomeTableViewController.swift in Sources */ = {isa = PBXBuildFile; fileRef = 6862C30122BFAD8000DFB0F5 /* HomeTableViewController.swift */; };
		6862C30422BFC1E400DFB0F5 /* DASimage.pdf in Resources */ = {isa = PBXBuildFile; fileRef = 6862C30322BFC1E400DFB0F5 /* DASimage.pdf */; };
		6862C30622BFC4B300DFB0F5 /* DasViewController.swift in Sources */ = {isa = PBXBuildFile; fileRef = 6862C30522BFC4B300DFB0F5 /* DasViewController.swift */; };
		6862C30822BFC4C200DFB0F5 /* CDAIViewController.swift in Sources */ = {isa = PBXBuildFile; fileRef = 6862C30722BFC4C200DFB0F5 /* CDAIViewController.swift */; };
		6862C30A22BFC4CF00DFB0F5 /* ACRViewController.swift in Sources */ = {isa = PBXBuildFile; fileRef = 6862C30922BFC4CF00DFB0F5 /* ACRViewController.swift */; };
		6862C30C22BFC85C00DFB0F5 /* SaveViewController.swift in Sources */ = {isa = PBXBuildFile; fileRef = 6862C30B22BFC85C00DFB0F5 /* SaveViewController.swift */; };
		6862C30E22BFC86B00DFB0F5 /* SaveDetailViewController.swift in Sources */ = {isa = PBXBuildFile; fileRef = 6862C30D22BFC86B00DFB0F5 /* SaveDetailViewController.swift */; };
		6880AA8E22C3BF45009A431F /* Localizable.strings in Resources */ = {isa = PBXBuildFile; fileRef = 6880AA8C22C3BF45009A431F /* Localizable.strings */; };
/* End PBXBuildFile section */

/* Begin PBXFileReference section */
		6862C2E922BFAC5B00DFB0F5 /* DASACR.app */ = {isa = PBXFileReference; explicitFileType = wrapper.application; includeInIndex = 0; path = DASACR.app; sourceTree = BUILT_PRODUCTS_DIR; };
		6862C2EC22BFAC5B00DFB0F5 /* AppDelegate.swift */ = {isa = PBXFileReference; lastKnownFileType = sourcecode.swift; path = AppDelegate.swift; sourceTree = "<group>"; };
		6862C2F122BFAC5B00DFB0F5 /* Base */ = {isa = PBXFileReference; lastKnownFileType = file.storyboard; name = Base; path = Base.lproj/Main.storyboard; sourceTree = "<group>"; };
		6862C2F422BFAC5B00DFB0F5 /* DASACR.xcdatamodel */ = {isa = PBXFileReference; lastKnownFileType = wrapper.xcdatamodel; path = DASACR.xcdatamodel; sourceTree = "<group>"; };
		6862C2F622BFAC5D00DFB0F5 /* Assets.xcassets */ = {isa = PBXFileReference; lastKnownFileType = folder.assetcatalog; path = Assets.xcassets; sourceTree = "<group>"; };
		6862C2F922BFAC5D00DFB0F5 /* Base */ = {isa = PBXFileReference; lastKnownFileType = file.storyboard; name = Base; path = Base.lproj/LaunchScreen.storyboard; sourceTree = "<group>"; };
		6862C2FB22BFAC5D00DFB0F5 /* Info.plist */ = {isa = PBXFileReference; lastKnownFileType = text.plist.xml; path = Info.plist; sourceTree = "<group>"; };
		6862C30122BFAD8000DFB0F5 /* HomeTableViewController.swift */ = {isa = PBXFileReference; lastKnownFileType = sourcecode.swift; path = HomeTableViewController.swift; sourceTree = "<group>"; };
		6862C30322BFC1E400DFB0F5 /* DASimage.pdf */ = {isa = PBXFileReference; lastKnownFileType = image.pdf; path = DASimage.pdf; sourceTree = "<group>"; };
		6862C30522BFC4B300DFB0F5 /* DasViewController.swift */ = {isa = PBXFileReference; lastKnownFileType = sourcecode.swift; path = DasViewController.swift; sourceTree = "<group>"; };
		6862C30722BFC4C200DFB0F5 /* CDAIViewController.swift */ = {isa = PBXFileReference; lastKnownFileType = sourcecode.swift; path = CDAIViewController.swift; sourceTree = "<group>"; };
		6862C30922BFC4CF00DFB0F5 /* ACRViewController.swift */ = {isa = PBXFileReference; lastKnownFileType = sourcecode.swift; path = ACRViewController.swift; sourceTree = "<group>"; };
		6862C30B22BFC85C00DFB0F5 /* SaveViewController.swift */ = {isa = PBXFileReference; lastKnownFileType = sourcecode.swift; path = SaveViewController.swift; sourceTree = "<group>"; };
		6862C30D22BFC86B00DFB0F5 /* SaveDetailViewController.swift */ = {isa = PBXFileReference; lastKnownFileType = sourcecode.swift; path = SaveDetailViewController.swift; sourceTree = "<group>"; };
		6880AA8D22C3BF45009A431F /* Base */ = {isa = PBXFileReference; lastKnownFileType = text.plist.strings; name = Base; path = Base.lproj/Localizable.strings; sourceTree = "<group>"; };
		6880AA8F22C3BF5E009A431F /* ja */ = {isa = PBXFileReference; lastKnownFileType = text.plist.strings; name = ja; path = ja.lproj/Localizable.strings; sourceTree = "<group>"; };
/* End PBXFileReference section */

/* Begin PBXFrameworksBuildPhase section */
		6862C2E622BFAC5B00DFB0F5 /* Frameworks */ = {
			isa = PBXFrameworksBuildPhase;
			buildActionMask = 2147483647;
			files = (
			);
			runOnlyForDeploymentPostprocessing = 0;
		};
/* End PBXFrameworksBuildPhase section */

/* Begin PBXGroup section */
		6862C2E022BFAC5B00DFB0F5 = {
			isa = PBXGroup;
			children = (
				6862C2EB22BFAC5B00DFB0F5 /* DASACR */,
				6862C2EA22BFAC5B00DFB0F5 /* Products */,
			);
			sourceTree = "<group>";
		};
		6862C2EA22BFAC5B00DFB0F5 /* Products */ = {
			isa = PBXGroup;
			children = (
				6862C2E922BFAC5B00DFB0F5 /* DASACR.app */,
			);
			name = Products;
			sourceTree = "<group>";
		};
		6862C2EB22BFAC5B00DFB0F5 /* DASACR */ = {
			isa = PBXGroup;
			children = (
				6862C2EC22BFAC5B00DFB0F5 /* AppDelegate.swift */,
				6862C2F022BFAC5B00DFB0F5 /* Main.storyboard */,
				6862C2F622BFAC5D00DFB0F5 /* Assets.xcassets */,
				6862C2F822BFAC5D00DFB0F5 /* LaunchScreen.storyboard */,
				6862C2FB22BFAC5D00DFB0F5 /* Info.plist */,
				6862C2F322BFAC5B00DFB0F5 /* DASACR.xcdatamodeld */,
				6862C30122BFAD8000DFB0F5 /* HomeTableViewController.swift */,
				6862C30522BFC4B300DFB0F5 /* DasViewController.swift */,
				6862C30722BFC4C200DFB0F5 /* CDAIViewController.swift */,
				6862C30922BFC4CF00DFB0F5 /* ACRViewController.swift */,
				6862C30B22BFC85C00DFB0F5 /* SaveViewController.swift */,
				6862C30D22BFC86B00DFB0F5 /* SaveDetailViewController.swift */,
				6862C30322BFC1E400DFB0F5 /* DASimage.pdf */,
				6880AA8C22C3BF45009A431F /* Localizable.strings */,
			);
			path = DASACR;
			sourceTree = "<group>";
		};
/* End PBXGroup section */

/* Begin PBXNativeTarget section */
		6862C2E822BFAC5B00DFB0F5 /* DASACR */ = {
			isa = PBXNativeTarget;
			buildConfigurationList = 6862C2FE22BFAC5D00DFB0F5 /* Build configuration list for PBXNativeTarget "DASACR" */;
			buildPhases = (
				6862C2E522BFAC5B00DFB0F5 /* Sources */,
				6862C2E622BFAC5B00DFB0F5 /* Frameworks */,
				6862C2E722BFAC5B00DFB0F5 /* Resources */,
			);
			buildRules = (
			);
			dependencies = (
			);
			name = DASACR;
			productName = DASACR;
			productReference = 6862C2E922BFAC5B00DFB0F5 /* DASACR.app */;
			productType = "com.apple.product-type.application";
		};
/* End PBXNativeTarget section */

/* Begin PBXProject section */
		6862C2E122BFAC5B00DFB0F5 /* Project object */ = {
			isa = PBXProject;
			attributes = {
				LastSwiftUpdateCheck = 1020;
				LastUpgradeCheck = 1020;
				ORGANIZATIONNAME = "Matsui Keiji";
				TargetAttributes = {
					6862C2E822BFAC5B00DFB0F5 = {
						CreatedOnToolsVersion = 10.2.1;
					};
				};
			};
			buildConfigurationList = 6862C2E422BFAC5B00DFB0F5 /* Build configuration list for PBXProject "DASACR" */;
			compatibilityVersion = "Xcode 9.3";
			developmentRegion = en;
			hasScannedForEncodings = 0;
			knownRegions = (
				en,
				Base,
				ja,
			);
			mainGroup = 6862C2E022BFAC5B00DFB0F5;
			productRefGroup = 6862C2EA22BFAC5B00DFB0F5 /* Products */;
			projectDirPath = "";
			projectRoot = "";
			targets = (
				6862C2E822BFAC5B00DFB0F5 /* DASACR */,
			);
		};
/* End PBXProject section */

/* Begin PBXResourcesBuildPhase section */
		6862C2E722BFAC5B00DFB0F5 /* Resources */ = {
			isa = PBXResourcesBuildPhase;
			buildActionMask = 2147483647;
			files = (
				6880AA8E22C3BF45009A431F /* Localizable.strings in Resources */,
				6862C2FA22BFAC5D00DFB0F5 /* LaunchScreen.storyboard in Resources */,
				6862C2F722BFAC5D00DFB0F5 /* Assets.xcassets in Resources */,
				6862C2F222BFAC5B00DFB0F5 /* Main.storyboard in Resources */,
				6862C30422BFC1E400DFB0F5 /* DASimage.pdf in Resources */,
			);
			runOnlyForDeploymentPostprocessing = 0;
		};
/* End PBXResourcesBuildPhase section */

/* Begin PBXSourcesBuildPhase section */
		6862C2E522BFAC5B00DFB0F5 /* Sources */ = {
			isa = PBXSourcesBuildPhase;
			buildActionMask = 2147483647;
			files = (
				6862C30222BFAD8000DFB0F5 /* HomeTableViewController.swift in Sources */,
				6862C30622BFC4B300DFB0F5 /* DasViewController.swift in Sources */,
				6862C30E22BFC86B00DFB0F5 /* SaveDetailViewController.swift in Sources */,
				6862C2F522BFAC5B00DFB0F5 /* DASACR.xcdatamodeld in Sources */,
				6862C30A22BFC4CF00DFB0F5 /* ACRViewController.swift in Sources */,
				6862C2ED22BFAC5B00DFB0F5 /* AppDelegate.swift in Sources */,
				6862C30822BFC4C200DFB0F5 /* CDAIViewController.swift in Sources */,
				6862C30C22BFC85C00DFB0F5 /* SaveViewController.swift in Sources */,
			);
			runOnlyForDeploymentPostprocessing = 0;
		};
/* End PBXSourcesBuildPhase section */

/* Begin PBXVariantGroup section */
		6862C2F022BFAC5B00DFB0F5 /* Main.storyboard */ = {
			isa = PBXVariantGroup;
			children = (
				6862C2F122BFAC5B00DFB0F5 /* Base */,
			);
			name = Main.storyboard;
			sourceTree = "<group>";
		};
		6862C2F822BFAC5D00DFB0F5 /* LaunchScreen.storyboard */ = {
			isa = PBXVariantGroup;
			children = (
				6862C2F922BFAC5D00DFB0F5 /* Base */,
			);
			name = LaunchScreen.storyboard;
			sourceTree = "<group>";
		};
		6880AA8C22C3BF45009A431F /* Localizable.strings */ = {
			isa = PBXVariantGroup;
			children = (
				6880AA8D22C3BF45009A431F /* Base */,
				6880AA8F22C3BF5E009A431F /* ja */,
			);
			name = Localizable.strings;
			sourceTree = "<group>";
		};
/* End PBXVariantGroup section */

/* Begin XCBuildConfiguration section */
		6862C2FC22BFAC5D00DFB0F5 /* Debug */ = {
			isa = XCBuildConfiguration;
			buildSettings = {
				ALWAYS_SEARCH_USER_PATHS = NO;
				CLANG_ANALYZER_LOCALIZABILITY_NONLOCALIZED = YES;
				CLANG_ANALYZER_NONNULL = YES;
				CLANG_ANALYZER_NUMBER_OBJECT_CONVERSION = YES_AGGRESSIVE;
				CLANG_CXX_LANGUAGE_STANDARD = "gnu++14";
				CLANG_CXX_LIBRARY = "libc++";
				CLANG_ENABLE_MODULES = YES;
				CLANG_ENABLE_OBJC_ARC = YES;
				CLANG_ENABLE_OBJC_WEAK = YES;
				CLANG_WARN_BLOCK_CAPTURE_AUTORELEASING = YES;
				CLANG_WARN_BOOL_CONVERSION = YES;
				CLANG_WARN_COMMA = YES;
				CLANG_WARN_CONSTANT_CONVERSION = YES;
				CLANG_WARN_DEPRECATED_OBJC_IMPLEMENTATIONS = YES;
				CLANG_WARN_DIRECT_OBJC_ISA_USAGE = YES_ERROR;
				CLANG_WARN_DOCUMENTATION_COMMENTS = YES;
				CLANG_WARN_EMPTY_BODY = YES;
				CLANG_WARN_ENUM_CONVERSION = YES;
				CLANG_WARN_INFINITE_RECURSION = YES;
				CLANG_WARN_INT_CONVERSION = YES;
				CLANG_WARN_NON_LITERAL_NULL_CONVERSION = YES;
				CLANG_WARN_OBJC_IMPLICIT_RETAIN_SELF = YES;
				CLANG_WARN_OBJC_LITERAL_CONVERSION = YES;
				CLANG_WARN_OBJC_ROOT_CLASS = YES_ERROR;
				CLANG_WARN_RANGE_LOOP_ANALYSIS = YES;
				CLANG_WARN_STRICT_PROTOTYPES = YES;
				CLANG_WARN_SUSPICIOUS_MOVE = YES;
				CLANG_WARN_UNGUARDED_AVAILABILITY = YES_AGGRESSIVE;
				CLANG_WARN_UNREACHABLE_CODE = YES;
				CLANG_WARN__DUPLICATE_METHOD_MATCH = YES;
				CODE_SIGN_IDENTITY = "iPhone Developer";
				COPY_PHASE_STRIP = NO;
				DEBUG_INFORMATION_FORMAT = dwarf;
				ENABLE_STRICT_OBJC_MSGSEND = YES;
				ENABLE_TESTABILITY = YES;
				GCC_C_LANGUAGE_STANDARD = gnu11;
				GCC_DYNAMIC_NO_PIC = NO;
				GCC_NO_COMMON_BLOCKS = YES;
				GCC_OPTIMIZATION_LEVEL = 0;
				GCC_PREPROCESSOR_DEFINITIONS = (
					"DEBUG=1",
					"$(inherited)",
				);
				GCC_WARN_64_TO_32_BIT_CONVERSION = YES;
				GCC_WARN_ABOUT_RETURN_TYPE = YES_ERROR;
				GCC_WARN_UNDECLARED_SELECTOR = YES;
				GCC_WARN_UNINITIALIZED_AUTOS = YES_AGGRESSIVE;
				GCC_WARN_UNUSED_FUNCTION = YES;
				GCC_WARN_UNUSED_VARIABLE = YES;
				IPHONEOS_DEPLOYMENT_TARGET = 12.2;
				MTL_ENABLE_DEBUG_INFO = INCLUDE_SOURCE;
				MTL_FAST_MATH = YES;
				ONLY_ACTIVE_ARCH = YES;
				SDKROOT = iphoneos;
				SWIFT_ACTIVE_COMPILATION_CONDITIONS = DEBUG;
				SWIFT_OPTIMIZATION_LEVEL = "-Onone";
			};
			name = Debug;
		};
		6862C2FD22BFAC5D00DFB0F5 /* Release */ = {
			isa = XCBuildConfiguration;
			buildSettings = {
				ALWAYS_SEARCH_USER_PATHS = NO;
				CLANG_ANALYZER_LOCALIZABILITY_NONLOCALIZED = YES;
				CLANG_ANALYZER_NONNULL = YES;
				CLANG_ANALYZER_NUMBER_OBJECT_CONVERSION = YES_AGGRESSIVE;
				CLANG_CXX_LANGUAGE_STANDARD = "gnu++14";
				CLANG_CXX_LIBRARY = "libc++";
				CLANG_ENABLE_MODULES = YES;
				CLANG_ENABLE_OBJC_ARC = YES;
				CLANG_ENABLE_OBJC_WEAK = YES;
				CLANG_WARN_BLOCK_CAPTURE_AUTORELEASING = YES;
				CLANG_WARN_BOOL_CONVERSION = YES;
				CLANG_WARN_COMMA = YES;
				CLANG_WARN_CONSTANT_CONVERSION = YES;
				CLANG_WARN_DEPRECATED_OBJC_IMPLEMENTATIONS = YES;
				CLANG_WARN_DIRECT_OBJC_ISA_USAGE = YES_ERROR;
				CLANG_WARN_DOCUMENTATION_COMMENTS = YES;
				CLANG_WARN_EMPTY_BODY = YES;
				CLANG_WARN_ENUM_CONVERSION = YES;
				CLANG_WARN_INFINITE_RECURSION = YES;
				CLANG_WARN_INT_CONVERSION = YES;
				CLANG_WARN_NON_LITERAL_NULL_CONVERSION = YES;
				CLANG_WARN_OBJC_IMPLICIT_RETAIN_SELF = YES;
				CLANG_WARN_OBJC_LITERAL_CONVERSION = YES;
				CLANG_WARN_OBJC_ROOT_CLASS = YES_ERROR;
				CLANG_WARN_RANGE_LOOP_ANALYSIS = YES;
				CLANG_WARN_STRICT_PROTOTYPES = YES;
				CLANG_WARN_SUSPICIOUS_MOVE = YES;
				CLANG_WARN_UNGUARDED_AVAILABILITY = YES_AGGRESSIVE;
				CLANG_WARN_UNREACHABLE_CODE = YES;
				CLANG_WARN__DUPLICATE_METHOD_MATCH = YES;
				CODE_SIGN_IDENTITY = "iPhone Developer";
				COPY_PHASE_STRIP = NO;
				DEBUG_INFORMATION_FORMAT = "dwarf-with-dsym";
				ENABLE_NS_ASSERTIONS = NO;
				ENABLE_STRICT_OBJC_MSGSEND = YES;
				GCC_C_LANGUAGE_STANDARD = gnu11;
				GCC_NO_COMMON_BLOCKS = YES;
				GCC_WARN_64_TO_32_BIT_CONVERSION = YES;
				GCC_WARN_ABOUT_RETURN_TYPE = YES_ERROR;
				GCC_WARN_UNDECLARED_SELECTOR = YES;
				GCC_WARN_UNINITIALIZED_AUTOS = YES_AGGRESSIVE;
				GCC_WARN_UNUSED_FUNCTION = YES;
				GCC_WARN_UNUSED_VARIABLE = YES;
				IPHONEOS_DEPLOYMENT_TARGET = 12.2;
				MTL_ENABLE_DEBUG_INFO = NO;
				MTL_FAST_MATH = YES;
				SDKROOT = iphoneos;
				SWIFT_COMPILATION_MODE = wholemodule;
				SWIFT_OPTIMIZATION_LEVEL = "-O";
				VALIDATE_PRODUCT = YES;
			};
			name = Release;
		};
		6862C2FF22BFAC5D00DFB0F5 /* Debug */ = {
			isa = XCBuildConfiguration;
			buildSettings = {
				ASSETCATALOG_COMPILER_APPICON_NAME = AppIcon;
				CODE_SIGN_STYLE = Manual;
				DEVELOPMENT_TEAM = 7GW64MW9FF;
				INFOPLIST_FILE = DASACR/Info.plist;
				IPHONEOS_DEPLOYMENT_TARGET = 12.2;
				LD_RUNPATH_SEARCH_PATHS = (
					"$(inherited)",
					"@executable_path/Frameworks",
				);
				PRODUCT_BUNDLE_IDENTIFIER = YM7Y47BHNS.DASACR;
				PRODUCT_NAME = "$(TARGET_NAME)";
				PROVISIONING_PROFILE_SPECIFIER = PP190629DASACR;
				SWIFT_VERSION = 5.0;
				TARGETED_DEVICE_FAMILY = "1,2";
			};
			name = Debug;
		};
		6862C30022BFAC5D00DFB0F5 /* Release */ = {
			isa = XCBuildConfiguration;
			buildSettings = {
				ASSETCATALOG_COMPILER_APPICON_NAME = AppIcon;
				CODE_SIGN_IDENTITY = "iPhone Distribution";
				CODE_SIGN_STYLE = Manual;
				DEVELOPMENT_TEAM = 7GW64MW9FF;
				INFOPLIST_FILE = DASACR/Info.plist;
				IPHONEOS_DEPLOYMENT_TARGET = 12.2;
				LD_RUNPATH_SEARCH_PATHS = (
					"$(inherited)",
					"@executable_path/Frameworks",
				);
				PRODUCT_BUNDLE_IDENTIFIER = YM7Y47BHNS.DASACR;
				PRODUCT_NAME = "$(TARGET_NAME)";
				PROVISIONING_PROFILE_SPECIFIER = DP190629DASACR;
				SWIFT_VERSION = 5.0;
				TARGETED_DEVICE_FAMILY = "1,2";
			};
			name = Release;
		};
/* End XCBuildConfiguration section */

/* Begin XCConfigurationList section */
		6862C2E422BFAC5B00DFB0F5 /* Build configuration list for PBXProject "DASACR" */ = {
			isa = XCConfigurationList;
			buildConfigurations = (
				6862C2FC22BFAC5D00DFB0F5 /* Debug */,
				6862C2FD22BFAC5D00DFB0F5 /* Release */,
			);
			defaultConfigurationIsVisible = 0;
			defaultConfigurationName = Release;
		};
		6862C2FE22BFAC5D00DFB0F5 /* Build configuration list for PBXNativeTarget "DASACR" */ = {
			isa = XCConfigurationList;
			buildConfigurations = (
				6862C2FF22BFAC5D00DFB0F5 /* Debug */,
				6862C30022BFAC5D00DFB0F5 /* Release */,
			);
			defaultConfigurationIsVisible = 0;
			defaultConfigurationName = Release;
		};
/* End XCConfigurationList section */

/* Begin XCVersionGroup section */
		6862C2F322BFAC5B00DFB0F5 /* DASACR.xcdatamodeld */ = {
			isa = XCVersionGroup;
			children = (
				6862C2F422BFAC5B00DFB0F5 /* DASACR.xcdatamodel */,
			);
			currentVersion = 6862C2F422BFAC5B00DFB0F5 /* DASACR.xcdatamodel */;
			path = DASACR.xcdatamodeld;
			sourceTree = "<group>";
			versionGroupType = wrapper.xcdatamodel;
		};
/* End XCVersionGroup section */
	};
	rootObject = 6862C2E122BFAC5B00DFB0F5 /* Project object */;
}
